<?xml version="1.0" encoding="utf-8"?>
<Project ToolsVersion="4.0" xmlns="http://schemas.microsoft.com/developer/msbuild/2003">
  <ItemGroup>
    <Filter Include="deps">
      <UniqueIdentifier>{F1A1957C-DDD8-960D-86C5-7C1072DB120F}</UniqueIdentifier>
    </Filter>
    <Filter Include="deps\glad">
      <UniqueIdentifier>{9853FA65-04BE-AEDC-4DFC-5F82B9A58C31}</UniqueIdentifier>
    </Filter>
    <Filter Include="deps\mingw">
      <UniqueIdentifier>{A2ECAF25-8EA4-F172-F7AB-CACEE3828C63}</UniqueIdentifier>
    </Filter>
    <Filter Include="deps\vs2008">
      <UniqueIdentifier>{F3093FF1-5FBF-B7E6-E8B3-B1BD5468AEEA}</UniqueIdentifier>
    </Filter>
    <Filter Include="examples">
      <UniqueIdentifier>{84D830B1-70A5-8BBC-99BE-796485EAC04A}</UniqueIdentifier>
    </Filter>
    <Filter Include="include">
      <UniqueIdentifier>{89AF369E-F58E-B539-FEA6-40106A051C9B}</UniqueIdentifier>
    </Filter>
    <Filter Include="include\GLFW">
      <UniqueIdentifier>{6888C969-54EB-580E-FD70-91C4E9B22491}</UniqueIdentifier>
    </Filter>
    <Filter Include="src">
      <UniqueIdentifier>{2DAB880B-99B4-887C-2230-9F7C8E38947C}</UniqueIdentifier>
    </Filter>
    <Filter Include="tests">
      <UniqueIdentifier>{78756B10-E489-93C1-AD0B-372119DF8FF2}</UniqueIdentifier>
    </Filter>
  </ItemGroup>
  <ItemGroup>
    <ClCompile Include="src\Application.cpp" />
    <ClCompile Include="src\Renderer.cpp" />
    <ClCompile Include="src\VertexBuffer.cpp" />
    <ClCompile Include="src\IndexBuffer.cpp" />
    <ClCompile Include="src\VertexArray.cpp" />
  </ItemGroup>
  <ItemGroup>
    <ClInclude Include="src\Renderer.h" />
    <ClInclude Include="src\VertexBuffer.h" />
    <ClInclude Include="src\IndexBuffer.h" />
    <ClInclude Include="src\VertexBufferLayout.h" />
  </ItemGroup>
</Project>